// !$*UTF8*$!
{
	archiveVersion = 1;
	classes = {
	};
	objectVersion = 46;
	objects = {

/* Begin PBXBuildFile section */
		DC0C0C2B1F3F439200856980 /* AppDelegate.swift in Sources */ = {isa = PBXBuildFile; fileRef = DC0C0C2A1F3F439200856980 /* AppDelegate.swift */; };
		DC0C0C2D1F3F439200856980 /* MovieViewController.swift in Sources */ = {isa = PBXBuildFile; fileRef = DC0C0C2C1F3F439200856980 /* MovieViewController.swift */; };
		DC0C0C301F3F439200856980 /* Main.storyboard in Resources */ = {isa = PBXBuildFile; fileRef = DC0C0C2E1F3F439200856980 /* Main.storyboard */; };
		DC0C0C321F3F439200856980 /* Assets.xcassets in Resources */ = {isa = PBXBuildFile; fileRef = DC0C0C311F3F439200856980 /* Assets.xcassets */; };
		DC0C0C351F3F439200856980 /* LaunchScreen.storyboard in Resources */ = {isa = PBXBuildFile; fileRef = DC0C0C331F3F439200856980 /* LaunchScreen.storyboard */; };
		DC0C0C3D1F3F439C00856980 /* mov.mov in Resources */ = {isa = PBXBuildFile; fileRef = DC0C0C3C1F3F439C00856980 /* mov.mov */; };
		DC0C0C3F1F3F447A00856980 /* AVPlayerView.swift in Sources */ = {isa = PBXBuildFile; fileRef = DC0C0C3E1F3F447A00856980 /* AVPlayerView.swift */; };
		DC0C0C411F3FA85300856980 /* MainViewController.swift in Sources */ = {isa = PBXBuildFile; fileRef = DC0C0C401F3FA85300856980 /* MainViewController.swift */; };
/* End PBXBuildFile section */

/* Begin PBXFileReference section */
		DC0C0C271F3F439200856980 /* movie.app */ = {isa = PBXFileReference; explicitFileType = wrapper.application; includeInIndex = 0; path = movie.app; sourceTree = BUILT_PRODUCTS_DIR; };
		DC0C0C2A1F3F439200856980 /* AppDelegate.swift */ = {isa = PBXFileReference; lastKnownFileType = sourcecode.swift; path = AppDelegate.swift; sourceTree = "<group>"; };
		DC0C0C2C1F3F439200856980 /* MovieViewController.swift */ = {isa = PBXFileReference; lastKnownFileType = sourcecode.swift; path = MovieViewController.swift; sourceTree = "<group>"; };
		DC0C0C2F1F3F439200856980 /* Base */ = {isa = PBXFileReference; lastKnownFileType = file.storyboard; name = Base; path = Base.lproj/Main.storyboard; sourceTree = "<group>"; };
		DC0C0C311F3F439200856980 /* Assets.xcassets */ = {isa = PBXFileReference; lastKnownFileType = folder.assetcatalog; path = Assets.xcassets; sourceTree = "<group>"; };
		DC0C0C341F3F439200856980 /* Base */ = {isa = PBXFileReference; lastKnownFileType = file.storyboard; name = Base; path = Base.lproj/LaunchScreen.storyboard; sourceTree = "<group>"; };
		DC0C0C361F3F439200856980 /* Info.plist */ = {isa = PBXFileReference; lastKnownFileType = text.plist.xml; path = Info.plist; sourceTree = "<group>"; };
		DC0C0C3C1F3F439C00856980 /* mov.mov */ = {isa = PBXFileReference; lastKnownFileType = video.quicktime; path = mov.mov; sourceTree = "<group>"; };
		DC0C0C3E1F3F447A00856980 /* AVPlayerView.swift */ = {isa = PBXFileReference; fileEncoding = 4; lastKnownFileType = sourcecode.swift; path = AVPlayerView.swift; sourceTree = "<group>"; };
		DC0C0C401F3FA85300856980 /* MainViewController.swift */ = {isa = PBXFileReference; fileEncoding = 4; lastKnownFileType = sourcecode.swift; path = MainViewController.swift; sourceTree = "<group>"; };
/* End PBXFileReference section */

/* Begin PBXFrameworksBuildPhase section */
		DC0C0C241F3F439200856980 /* Frameworks */ = {
			isa = PBXFrameworksBuildPhase;
			buildActionMask = 2147483647;
			files = (
			);
			runOnlyForDeploymentPostprocessing = 0;
		};
/* End PBXFrameworksBuildPhase section */

/* Begin PBXGroup section */
		DC0C0C1E1F3F439200856980 = {
			isa = PBXGroup;
			children = (
				DC0C0C291F3F439200856980 /* movie */,
				DC0C0C281F3F439200856980 /* Products */,
			);
			sourceTree = "<group>";
		};
		DC0C0C281F3F439200856980 /* Products */ = {
			isa = PBXGroup;
			children = (
				DC0C0C271F3F439200856980 /* movie.app */,
			);
			name = Products;
			sourceTree = "<group>";
		};
		DC0C0C291F3F439200856980 /* movie */ = {
			isa = PBXGroup;
			children = (
				DC0C0C2A1F3F439200856980 /* AppDelegate.swift */,
				DC0C0C401F3FA85300856980 /* MainViewController.swift */,
				DC0C0C2C1F3F439200856980 /* MovieViewController.swift */,
				DC0C0C3E1F3F447A00856980 /* AVPlayerView.swift */,
				DC0C0C3C1F3F439C00856980 /* mov.mov */,
				DC0C0C2E1F3F439200856980 /* Main.storyboard */,
				DC0C0C311F3F439200856980 /* Assets.xcassets */,
				DC0C0C331F3F439200856980 /* LaunchScreen.storyboard */,
				DC0C0C361F3F439200856980 /* Info.plist */,
			);
			path = movie;
			sourceTree = "<group>";
		};
/* End PBXGroup section */

/* Begin PBXNativeTarget section */
		DC0C0C261F3F439200856980 /* movie */ = {
			isa = PBXNativeTarget;
			buildConfigurationList = DC0C0C391F3F439200856980 /* Build configuration list for PBXNativeTarget "movie" */;
			buildPhases = (
				DC0C0C231F3F439200856980 /* Sources */,
				DC0C0C241F3F439200856980 /* Frameworks */,
				DC0C0C251F3F439200856980 /* Resources */,
			);
			buildRules = (
			);
			dependencies = (
			);
			name = movie;
			productName = movie;
			productReference = DC0C0C271F3F439200856980 /* movie.app */;
			productType = "com.apple.product-type.application";
		};
/* End PBXNativeTarget section */

/* Begin PBXProject section */
		DC0C0C1F1F3F439200856980 /* Project object */ = {
			isa = PBXProject;
			attributes = {
				LastSwiftUpdateCheck = 0830;
				LastUpgradeCheck = 0830;
				ORGANIZATIONNAME = "DAIGO SUGIYAMA";
				TargetAttributes = {
					DC0C0C261F3F439200856980 = {
						CreatedOnToolsVersion = 8.3.3;
						ProvisioningStyle = Automatic;
					};
				};
			};
			buildConfigurationList = DC0C0C221F3F439200856980 /* Build configuration list for PBXProject "movie" */;
			compatibilityVersion = "Xcode 3.2";
			developmentRegion = English;
			hasScannedForEncodings = 0;
			knownRegions = (
				en,
				Base,
			);
			mainGroup = DC0C0C1E1F3F439200856980;
			productRefGroup = DC0C0C281F3F439200856980 /* Products */;
			projectDirPath = "";
			projectRoot = "";
			targets = (
				DC0C0C261F3F439200856980 /* movie */,
			);
		};
/* End PBXProject section */

/* Begin PBXResourcesBuildPhase section */
		DC0C0C251F3F439200856980 /* Resources */ = {
			isa = PBXResourcesBuildPhase;
			buildActionMask = 2147483647;
			files = (
				DC0C0C351F3F439200856980 /* LaunchScreen.storyboard in Resources */,
				DC0C0C3D1F3F439C00856980 /* mov.mov in Resources */,
				DC0C0C321F3F439200856980 /* Assets.xcassets in Resources */,
				DC0C0C301F3F439200856980 /* Main.storyboard in Resources */,
			);
			runOnlyForDeploymentPostprocessing = 0;
		};
/* End PBXResourcesBuildPhase section */

/* Begin PBXSourcesBuildPhase section */
		DC0C0C231F3F439200856980 /* Sources */ = {
			isa = PBXSourcesBuildPhase;
			buildActionMask = 2147483647;
			files = (
				DC0C0C3F1F3F447A00856980 /* AVPlayerView.swift in Sources */,
				DC0C0C2D1F3F439200856980 /* MovieViewController.swift in Sources */,
				DC0C0C2B1F3F439200856980 /* AppDelegate.swift in Sources */,
				DC0C0C411F3FA85300856980 /* MainViewController.swift in Sources */,
			);
			runOnlyForDeploymentPostprocessing = 0;
		};
/* End PBXSourcesBuildPhase section */

/* Begin PBXVariantGroup section */
		DC0C0C2E1F3F439200856980 /* Main.storyboard */ = {
			isa = PBXVariantGroup;
			children = (
				DC0C0C2F1F3F439200856980 /* Base */,
			);
			name = Main.storyboard;
			sourceTree = "<group>";
		};
		DC0C0C331F3F439200856980 /* LaunchScreen.storyboard */ = {
			isa = PBXVariantGroup;
			children = (
				DC0C0C341F3F439200856980 /* Base */,
			);
			name = LaunchScreen.storyboard;
			sourceTree = "<group>";
		};
/* End PBXVariantGroup section */

/* Begin XCBuildConfiguration section */
		DC0C0C371F3F439200856980 /* Debug */ = {
			isa = XCBuildConfiguration;
			buildSettings = {
				ALWAYS_SEARCH_USER_PATHS = NO;
				CLANG_ANALYZER_NONNULL = YES;
				CLANG_ANALYZER_NUMBER_OBJECT_CONVERSION = YES_AGGRESSIVE;
				CLANG_CXX_LANGUAGE_STANDARD = "gnu++0x";
				CLANG_CXX_LIBRARY = "libc++";
				CLANG_ENABLE_MODULES = YES;
				CLANG_ENABLE_OBJC_ARC = YES;
				CLANG_WARN_BOOL_CONVERSION = YES;
				CLANG_WARN_CONSTANT_CONVERSION = YES;
				CLANG_WARN_DIRECT_OBJC_ISA_USAGE = YES_ERROR;
				CLANG_WARN_DOCUMENTATION_COMMENTS = YES;
				CLANG_WARN_EMPTY_BODY = YES;
				CLANG_WARN_ENUM_CONVERSION = YES;
				CLANG_WARN_INFINITE_RECURSION = YES;
				CLANG_WARN_INT_CONVERSION = YES;
				CLANG_WARN_OBJC_ROOT_CLASS = YES_ERROR;
				CLANG_WARN_SUSPICIOUS_MOVE = YES;
				CLANG_WARN_UNREACHABLE_CODE = YES;
				CLANG_WARN__DUPLICATE_METHOD_MATCH = YES;
				"CODE_SIGN_IDENTITY[sdk=iphoneos*]" = "iPhone Developer";
				COPY_PHASE_STRIP = NO;
				DEBUG_INFORMATION_FORMAT = dwarf;
				ENABLE_STRICT_OBJC_MSGSEND = YES;
				ENABLE_TESTABILITY = YES;
				GCC_C_LANGUAGE_STANDARD = gnu99;
				GCC_DYNAMIC_NO_PIC = NO;
				GCC_NO_COMMON_BLOCKS = YES;
				GCC_OPTIMIZATION_LEVEL = 0;
				GCC_PREPROCESSOR_DEFINITIONS = (
					"DEBUG=1",
					"$(inherited)",
				);
				GCC_WARN_64_TO_32_BIT_CONVERSION = YES;
				GCC_WARN_ABOUT_RETURN_TYPE = YES_ERROR;
				GCC_WARN_UNDECLARED_SELECTOR = YES;
				GCC_WARN_UNINITIALIZED_AUTOS = YES_AGGRESSIVE;
				GCC_WARN_UNUSED_FUNCTION = YES;
				GCC_WARN_UNUSED_VARIABLE = YES;
				IPHONEOS_DEPLOYMENT_TARGET = 10.3;
				MTL_ENABLE_DEBUG_INFO = YES;
				ONLY_ACTIVE_ARCH = YES;
				SDKROOT = iphoneos;
				SWIFT_ACTIVE_COMPILATION_CONDITIONS = DEBUG;
				SWIFT_OPTIMIZATION_LEVEL = "-Onone";
				TARGETED_DEVICE_FAMILY = "1,2";
			};
			name = Debug;
		};
		DC0C0C381F3F439200856980 /* Release */ = {
			isa = XCBuildConfiguration;
			buildSettings = {
				ALWAYS_SEARCH_USER_PATHS = NO;
				CLANG_ANALYZER_NONNULL = YES;
				CLANG_ANALYZER_NUMBER_OBJECT_CONVERSION = YES_AGGRESSIVE;
				CLANG_CXX_LANGUAGE_STANDARD = "gnu++0x";
				CLANG_CXX_LIBRARY = "libc++";
				CLANG_ENABLE_MODULES = YES;
				CLANG_ENABLE_OBJC_ARC = YES;
				CLANG_WARN_BOOL_CONVERSION = YES;
				CLANG_WARN_CONSTANT_CONVERSION = YES;
				CLANG_WARN_DIRECT_OBJC_ISA_USAGE = YES_ERROR;
				CLANG_WARN_DOCUMENTATION_COMMENTS = YES;
				CLANG_WARN_EMPTY_BODY = YES;
				CLANG_WARN_ENUM_CONVERSION = YES;
				CLANG_WARN_INFINITE_RECURSION = YES;
				CLANG_WARN_INT_CONVERSION = YES;
				CLANG_WARN_OBJC_ROOT_CLASS = YES_ERROR;
				CLANG_WARN_SUSPICIOUS_MOVE = YES;
				CLANG_WARN_UNREACHABLE_CODE = YES;
				CLANG_WARN__DUPLICATE_METHOD_MATCH = YES;
				"CODE_SIGN_IDENTITY[sdk=iphoneos*]" = "iPhone Developer";
				COPY_PHASE_STRIP = NO;
				DEBUG_INFORMATION_FORMAT = "dwarf-with-dsym";
				ENABLE_NS_ASSERTIONS = NO;
				ENABLE_STRICT_OBJC_MSGSEND = YES;
				GCC_C_LANGUAGE_STANDARD = gnu99;
				GCC_NO_COMMON_BLOCKS = YES;
				GCC_WARN_64_TO_32_BIT_CONVERSION = YES;
				GCC_WARN_ABOUT_RETURN_TYPE = YES_ERROR;
				GCC_WARN_UNDECLARED_SELECTOR = YES;
				GCC_WARN_UNINITIALIZED_AUTOS = YES_AGGRESSIVE;
				GCC_WARN_UNUSED_FUNCTION = YES;
				GCC_WARN_UNUSED_VARIABLE = YES;
				IPHONEOS_DEPLOYMENT_TARGET = 10.3;
				MTL_ENABLE_DEBUG_INFO = NO;
				SDKROOT = iphoneos;
				SWIFT_OPTIMIZATION_LEVEL = "-Owholemodule";
				TARGETED_DEVICE_FAMILY = "1,2";
				VALIDATE_PRODUCT = YES;
			};
			name = Release;
		};
		DC0C0C3A1F3F439200856980 /* Debug */ = {
			isa = XCBuildConfiguration;
			buildSettings = {
				ASSETCATALOG_COMPILER_APPICON_NAME = AppIcon;
				INFOPLIST_FILE = movie/Info.plist;
				LD_RUNPATH_SEARCH_PATHS = "$(inherited) @executable_path/Frameworks";
				PRODUCT_BUNDLE_IDENTIFIER = com.vr3dmaze.movie;
				PRODUCT_NAME = "$(TARGET_NAME)";
				SWIFT_VERSION = 3.0;
				TARGETED_DEVICE_FAMILY = 1;
			};
			name = Debug;
		};
		DC0C0C3B1F3F439200856980 /* Release */ = {
			isa = XCBuildConfiguration;
			buildSettings = {
				ASSETCATALOG_COMPILER_APPICON_NAME = AppIcon;
				INFOPLIST_FILE = movie/Info.plist;
				LD_RUNPATH_SEARCH_PATHS = "$(inherited) @executable_path/Frameworks";
				PRODUCT_BUNDLE_IDENTIFIER = com.vr3dmaze.movie;
				PRODUCT_NAME = "$(TARGET_NAME)";
				SWIFT_VERSION = 3.0;
				TARGETED_DEVICE_FAMILY = 1;
			};
			name = Release;
		};
/* End XCBuildConfiguration section */

/* Begin XCConfigurationList section */
		DC0C0C221F3F439200856980 /* Build configuration list for PBXProject "movie" */ = {
			isa = XCConfigurationList;
			buildConfigurations = (
				DC0C0C371F3F439200856980 /* Debug */,
				DC0C0C381F3F439200856980 /* Release */,
			);
			defaultConfigurationIsVisible = 0;
			defaultConfigurationName = Release;
		};
		DC0C0C391F3F439200856980 /* Build configuration list for PBXNativeTarget "movie" */ = {
			isa = XCConfigurationList;
			buildConfigurations = (
				DC0C0C3A1F3F439200856980 /* Debug */,
				DC0C0C3B1F3F439200856980 /* Release */,
			);
			defaultConfigurationIsVisible = 0;
			defaultConfigurationName = Release;
		};
/* End XCConfigurationList section */
	};
	rootObject = DC0C0C1F1F3F439200856980 /* Project object */;
}
